
Microsoft Visual Studio Solution File, Format Version 12.00
# Visual Studio Version 17
VisualStudioVersion = 17.2.32630.192
MinimumVisualStudioVersion = 10.0.40219.1
Project("{9A19103F-16F7-4668-BE54-9A1E7A4F7556}") = "Hyperar.HPA.Data", "Hyperar.HPA.Data\Hyperar.HPA.Data.csproj", "{80762901-2C64-43B8-9BBA-7C88D0FD64C4}"
EndProject
Project("{9A19103F-16F7-4668-BE54-9A1E7A4F7556}") = "Hyperar.HPA.Business", "Hyperar.HPA.Business\Hyperar.HPA.Business.csproj", "{95BDCA2B-3603-4530-9DB3-F225F2D50395}"
EndProject
Project("{9A19103F-16F7-4668-BE54-9A1E7A4F7556}") = "Hyperar.HPA.Domain", "Hyperar.HPA.Domain\Hyperar.HPA.Domain.csproj", "{20525795-6555-4211-80E6-4BA3287319EB}"
EndProject
Project("{9A19103F-16F7-4668-BE54-9A1E7A4F7556}") = "Hyperar.HPA.Common", "Hyperar.HPA.Common\Hyperar.HPA.Common.csproj", "{0BCAC202-359F-4691-8910-CCE5129D9275}"
EndProject
Project("{9A19103F-16F7-4668-BE54-9A1E7A4F7556}") = "Hyperar.HPA.Facade", "Hyperar.HPA.Facade\Hyperar.HPA.Facade.csproj", "{E6EBB989-EDA0-438D-B800-235155D32260}"
EndProject
Project("{9A19103F-16F7-4668-BE54-9A1E7A4F7556}") = "Hyperar.HPA.Localization", "Hyperar.HPA.Localization\Hyperar.HPA.Localization.csproj", "{4329E22A-EEF7-4C58-8FC6-821DB770549D}"
EndProject
Project("{2150E333-8FDC-42A3-9474-1A3956D46DE8}") = "Solution Items", "Solution Items", "{A4766F49-E30A-417D-9215-7EF3FF0B2670}"
	ProjectSection(SolutionItems) = preProject
		.editorconfig = .editorconfig
	EndProjectSection
EndProject
Project("{9A19103F-16F7-4668-BE54-9A1E7A4F7556}") = "Hyperar.HPA.BusinessContracts", "Hyperar.HPA.BusinessContracts\Hyperar.HPA.BusinessContracts.csproj", "{BE46A928-912A-4E92-ACD7-EBCA1B527A07}"
EndProject
Project("{9A19103F-16F7-4668-BE54-9A1E7A4F7556}") = "Hyperar.HPA.UserInterface", "Hyperar.HPA.UserInterface\Hyperar.HPA.UserInterface.csproj", "{B3AD8F2B-65FF-44EA-AAC4-74B582BA55CC}"
EndProject
Project("{9A19103F-16F7-4668-BE54-9A1E7A4F7556}") = "Hyperar.HPA.DataContracts", "Hyperar.HPA.DataContracts\Hyperar.HPA.DataContracts.csproj", "{5E0C75A5-62A4-4980-AA3C-BB8943097781}"
EndProject
Global
	GlobalSection(SolutionConfigurationPlatforms) = preSolution
		Debug|Any CPU = Debug|Any CPU
		Debug|ARM = Debug|ARM
		Debug|ARM64 = Debug|ARM64
		Debug|x64 = Debug|x64
		Debug|x86 = Debug|x86
		Release|Any CPU = Release|Any CPU
		Release|ARM = Release|ARM
		Release|ARM64 = Release|ARM64
		Release|x64 = Release|x64
		Release|x86 = Release|x86
	EndGlobalSection
	GlobalSection(ProjectConfigurationPlatforms) = postSolution
		{80762901-2C64-43B8-9BBA-7C88D0FD64C4}.Debug|Any CPU.ActiveCfg = Debug|Any CPU
		{80762901-2C64-43B8-9BBA-7C88D0FD64C4}.Debug|Any CPU.Build.0 = Debug|Any CPU
		{80762901-2C64-43B8-9BBA-7C88D0FD64C4}.Debug|ARM.ActiveCfg = Debug|Any CPU
		{80762901-2C64-43B8-9BBA-7C88D0FD64C4}.Debug|ARM.Build.0 = Debug|Any CPU
		{80762901-2C64-43B8-9BBA-7C88D0FD64C4}.Debug|ARM64.ActiveCfg = Debug|Any CPU
		{80762901-2C64-43B8-9BBA-7C88D0FD64C4}.Debug|ARM64.Build.0 = Debug|Any CPU
		{80762901-2C64-43B8-9BBA-7C88D0FD64C4}.Debug|x64.ActiveCfg = Debug|Any CPU
		{80762901-2C64-43B8-9BBA-7C88D0FD64C4}.Debug|x64.Build.0 = Debug|Any CPU
		{80762901-2C64-43B8-9BBA-7C88D0FD64C4}.Debug|x86.ActiveCfg = Debug|Any CPU
		{80762901-2C64-43B8-9BBA-7C88D0FD64C4}.Debug|x86.Build.0 = Debug|Any CPU
		{80762901-2C64-43B8-9BBA-7C88D0FD64C4}.Release|Any CPU.ActiveCfg = Release|Any CPU
		{80762901-2C64-43B8-9BBA-7C88D0FD64C4}.Release|Any CPU.Build.0 = Release|Any CPU
		{80762901-2C64-43B8-9BBA-7C88D0FD64C4}.Release|ARM.ActiveCfg = Release|Any CPU
		{80762901-2C64-43B8-9BBA-7C88D0FD64C4}.Release|ARM.Build.0 = Release|Any CPU
		{80762901-2C64-43B8-9BBA-7C88D0FD64C4}.Release|ARM64.ActiveCfg = Release|Any CPU
		{80762901-2C64-43B8-9BBA-7C88D0FD64C4}.Release|ARM64.Build.0 = Release|Any CPU
		{80762901-2C64-43B8-9BBA-7C88D0FD64C4}.Release|x64.ActiveCfg = Release|Any CPU
		{80762901-2C64-43B8-9BBA-7C88D0FD64C4}.Release|x64.Build.0 = Release|Any CPU
		{80762901-2C64-43B8-9BBA-7C88D0FD64C4}.Release|x86.ActiveCfg = Release|Any CPU
		{80762901-2C64-43B8-9BBA-7C88D0FD64C4}.Release|x86.Build.0 = Release|Any CPU
		{95BDCA2B-3603-4530-9DB3-F225F2D50395}.Debug|Any CPU.ActiveCfg = Debug|Any CPU
		{95BDCA2B-3603-4530-9DB3-F225F2D50395}.Debug|Any CPU.Build.0 = Debug|Any CPU
		{95BDCA2B-3603-4530-9DB3-F225F2D50395}.Debug|ARM.ActiveCfg = Debug|Any CPU
		{95BDCA2B-3603-4530-9DB3-F225F2D50395}.Debug|ARM.Build.0 = Debug|Any CPU
		{95BDCA2B-3603-4530-9DB3-F225F2D50395}.Debug|ARM64.ActiveCfg = Debug|Any CPU
		{95BDCA2B-3603-4530-9DB3-F225F2D50395}.Debug|ARM64.Build.0 = Debug|Any CPU
		{95BDCA2B-3603-4530-9DB3-F225F2D50395}.Debug|x64.ActiveCfg = Debug|Any CPU
		{95BDCA2B-3603-4530-9DB3-F225F2D50395}.Debug|x64.Build.0 = Debug|Any CPU
		{95BDCA2B-3603-4530-9DB3-F225F2D50395}.Debug|x86.ActiveCfg = Debug|Any CPU
		{95BDCA2B-3603-4530-9DB3-F225F2D50395}.Debug|x86.Build.0 = Debug|Any CPU
		{95BDCA2B-3603-4530-9DB3-F225F2D50395}.Release|Any CPU.ActiveCfg = Release|Any CPU
		{95BDCA2B-3603-4530-9DB3-F225F2D50395}.Release|Any CPU.Build.0 = Release|Any CPU
		{95BDCA2B-3603-4530-9DB3-F225F2D50395}.Release|ARM.ActiveCfg = Release|Any CPU
		{95BDCA2B-3603-4530-9DB3-F225F2D50395}.Release|ARM.Build.0 = Release|Any CPU
		{95BDCA2B-3603-4530-9DB3-F225F2D50395}.Release|ARM64.ActiveCfg = Release|Any CPU
		{95BDCA2B-3603-4530-9DB3-F225F2D50395}.Release|ARM64.Build.0 = Release|Any CPU
		{95BDCA2B-3603-4530-9DB3-F225F2D50395}.Release|x64.ActiveCfg = Release|Any CPU
		{95BDCA2B-3603-4530-9DB3-F225F2D50395}.Release|x64.Build.0 = Release|Any CPU
		{95BDCA2B-3603-4530-9DB3-F225F2D50395}.Release|x86.ActiveCfg = Release|Any CPU
		{95BDCA2B-3603-4530-9DB3-F225F2D50395}.Release|x86.Build.0 = Release|Any CPU
		{20525795-6555-4211-80E6-4BA3287319EB}.Debug|Any CPU.ActiveCfg = Debug|Any CPU
		{20525795-6555-4211-80E6-4BA3287319EB}.Debug|Any CPU.Build.0 = Debug|Any CPU
		{20525795-6555-4211-80E6-4BA3287319EB}.Debug|ARM.ActiveCfg = Debug|Any CPU
		{20525795-6555-4211-80E6-4BA3287319EB}.Debug|ARM.Build.0 = Debug|Any CPU
		{20525795-6555-4211-80E6-4BA3287319EB}.Debug|ARM64.ActiveCfg = Debug|Any CPU
		{20525795-6555-4211-80E6-4BA3287319EB}.Debug|ARM64.Build.0 = Debug|Any CPU
		{20525795-6555-4211-80E6-4BA3287319EB}.Debug|x64.ActiveCfg = Debug|Any CPU
		{20525795-6555-4211-80E6-4BA3287319EB}.Debug|x64.Build.0 = Debug|Any CPU
		{20525795-6555-4211-80E6-4BA3287319EB}.Debug|x86.ActiveCfg = Debug|Any CPU
		{20525795-6555-4211-80E6-4BA3287319EB}.Debug|x86.Build.0 = Debug|Any CPU
		{20525795-6555-4211-80E6-4BA3287319EB}.Release|Any CPU.ActiveCfg = Release|Any CPU
		{20525795-6555-4211-80E6-4BA3287319EB}.Release|Any CPU.Build.0 = Release|Any CPU
		{20525795-6555-4211-80E6-4BA3287319EB}.Release|ARM.ActiveCfg = Release|Any CPU
		{20525795-6555-4211-80E6-4BA3287319EB}.Release|ARM.Build.0 = Release|Any CPU
		{20525795-6555-4211-80E6-4BA3287319EB}.Release|ARM64.ActiveCfg = Release|Any CPU
		{20525795-6555-4211-80E6-4BA3287319EB}.Release|ARM64.Build.0 = Release|Any CPU
		{20525795-6555-4211-80E6-4BA3287319EB}.Release|x64.ActiveCfg = Release|Any CPU
		{20525795-6555-4211-80E6-4BA3287319EB}.Release|x64.Build.0 = Release|Any CPU
		{20525795-6555-4211-80E6-4BA3287319EB}.Release|x86.ActiveCfg = Release|Any CPU
		{20525795-6555-4211-80E6-4BA3287319EB}.Release|x86.Build.0 = Release|Any CPU
		{0BCAC202-359F-4691-8910-CCE5129D9275}.Debug|Any CPU.ActiveCfg = Debug|Any CPU
		{0BCAC202-359F-4691-8910-CCE5129D9275}.Debug|Any CPU.Build.0 = Debug|Any CPU
		{0BCAC202-359F-4691-8910-CCE5129D9275}.Debug|ARM.ActiveCfg = Debug|Any CPU
		{0BCAC202-359F-4691-8910-CCE5129D9275}.Debug|ARM.Build.0 = Debug|Any CPU
		{0BCAC202-359F-4691-8910-CCE5129D9275}.Debug|ARM64.ActiveCfg = Debug|Any CPU
		{0BCAC202-359F-4691-8910-CCE5129D9275}.Debug|ARM64.Build.0 = Debug|Any CPU
		{0BCAC202-359F-4691-8910-CCE5129D9275}.Debug|x64.ActiveCfg = Debug|Any CPU
		{0BCAC202-359F-4691-8910-CCE5129D9275}.Debug|x64.Build.0 = Debug|Any CPU
		{0BCAC202-359F-4691-8910-CCE5129D9275}.Debug|x86.ActiveCfg = Debug|Any CPU
		{0BCAC202-359F-4691-8910-CCE5129D9275}.Debug|x86.Build.0 = Debug|Any CPU
		{0BCAC202-359F-4691-8910-CCE5129D9275}.Release|Any CPU.ActiveCfg = Release|Any CPU
		{0BCAC202-359F-4691-8910-CCE5129D9275}.Release|Any CPU.Build.0 = Release|Any CPU
		{0BCAC202-359F-4691-8910-CCE5129D9275}.Release|ARM.ActiveCfg = Release|Any CPU
		{0BCAC202-359F-4691-8910-CCE5129D9275}.Release|ARM.Build.0 = Release|Any CPU
		{0BCAC202-359F-4691-8910-CCE5129D9275}.Release|ARM64.ActiveCfg = Release|Any CPU
		{0BCAC202-359F-4691-8910-CCE5129D9275}.Release|ARM64.Build.0 = Release|Any CPU
		{0BCAC202-359F-4691-8910-CCE5129D9275}.Release|x64.ActiveCfg = Release|Any CPU
		{0BCAC202-359F-4691-8910-CCE5129D9275}.Release|x64.Build.0 = Release|Any CPU
		{0BCAC202-359F-4691-8910-CCE5129D9275}.Release|x86.ActiveCfg = Release|Any CPU
		{0BCAC202-359F-4691-8910-CCE5129D9275}.Release|x86.Build.0 = Release|Any CPU
		{E6EBB989-EDA0-438D-B800-235155D32260}.Debug|Any CPU.ActiveCfg = Debug|Any CPU
		{E6EBB989-EDA0-438D-B800-235155D32260}.Debug|Any CPU.Build.0 = Debug|Any CPU
		{E6EBB989-EDA0-438D-B800-235155D32260}.Debug|ARM.ActiveCfg = Debug|Any CPU
		{E6EBB989-EDA0-438D-B800-235155D32260}.Debug|ARM.Build.0 = Debug|Any CPU
		{E6EBB989-EDA0-438D-B800-235155D32260}.Debug|ARM64.ActiveCfg = Debug|Any CPU
		{E6EBB989-EDA0-438D-B800-235155D32260}.Debug|ARM64.Build.0 = Debug|Any CPU
		{E6EBB989-EDA0-438D-B800-235155D32260}.Debug|x64.ActiveCfg = Debug|Any CPU
		{E6EBB989-EDA0-438D-B800-235155D32260}.Debug|x64.Build.0 = Debug|Any CPU
		{E6EBB989-EDA0-438D-B800-235155D32260}.Debug|x86.ActiveCfg = Debug|Any CPU
		{E6EBB989-EDA0-438D-B800-235155D32260}.Debug|x86.Build.0 = Debug|Any CPU
		{E6EBB989-EDA0-438D-B800-235155D32260}.Release|Any CPU.ActiveCfg = Release|Any CPU
		{E6EBB989-EDA0-438D-B800-235155D32260}.Release|Any CPU.Build.0 = Release|Any CPU
		{E6EBB989-EDA0-438D-B800-235155D32260}.Release|ARM.ActiveCfg = Release|Any CPU
		{E6EBB989-EDA0-438D-B800-235155D32260}.Release|ARM.Build.0 = Release|Any CPU
		{E6EBB989-EDA0-438D-B800-235155D32260}.Release|ARM64.ActiveCfg = Release|Any CPU
		{E6EBB989-EDA0-438D-B800-235155D32260}.Release|ARM64.Build.0 = Release|Any CPU
		{E6EBB989-EDA0-438D-B800-235155D32260}.Release|x64.ActiveCfg = Release|Any CPU
		{E6EBB989-EDA0-438D-B800-235155D32260}.Release|x64.Build.0 = Release|Any CPU
		{E6EBB989-EDA0-438D-B800-235155D32260}.Release|x86.ActiveCfg = Release|Any CPU
		{E6EBB989-EDA0-438D-B800-235155D32260}.Release|x86.Build.0 = Release|Any CPU
		{4329E22A-EEF7-4C58-8FC6-821DB770549D}.Debug|Any CPU.ActiveCfg = Debug|Any CPU
		{4329E22A-EEF7-4C58-8FC6-821DB770549D}.Debug|Any CPU.Build.0 = Debug|Any CPU
		{4329E22A-EEF7-4C58-8FC6-821DB770549D}.Debug|ARM.ActiveCfg = Debug|Any CPU
		{4329E22A-EEF7-4C58-8FC6-821DB770549D}.Debug|ARM.Build.0 = Debug|Any CPU
		{4329E22A-EEF7-4C58-8FC6-821DB770549D}.Debug|ARM64.ActiveCfg = Debug|Any CPU
		{4329E22A-EEF7-4C58-8FC6-821DB770549D}.Debug|ARM64.Build.0 = Debug|Any CPU
		{4329E22A-EEF7-4C58-8FC6-821DB770549D}.Debug|x64.ActiveCfg = Debug|Any CPU
		{4329E22A-EEF7-4C58-8FC6-821DB770549D}.Debug|x64.Build.0 = Debug|Any CPU
		{4329E22A-EEF7-4C58-8FC6-821DB770549D}.Debug|x86.ActiveCfg = Debug|Any CPU
		{4329E22A-EEF7-4C58-8FC6-821DB770549D}.Debug|x86.Build.0 = Debug|Any CPU
		{4329E22A-EEF7-4C58-8FC6-821DB770549D}.Release|Any CPU.ActiveCfg = Release|Any CPU
		{4329E22A-EEF7-4C58-8FC6-821DB770549D}.Release|Any CPU.Build.0 = Release|Any CPU
		{4329E22A-EEF7-4C58-8FC6-821DB770549D}.Release|ARM.ActiveCfg = Release|Any CPU
		{4329E22A-EEF7-4C58-8FC6-821DB770549D}.Release|ARM.Build.0 = Release|Any CPU
		{4329E22A-EEF7-4C58-8FC6-821DB770549D}.Release|ARM64.ActiveCfg = Release|Any CPU
		{4329E22A-EEF7-4C58-8FC6-821DB770549D}.Release|ARM64.Build.0 = Release|Any CPU
		{4329E22A-EEF7-4C58-8FC6-821DB770549D}.Release|x64.ActiveCfg = Release|Any CPU
		{4329E22A-EEF7-4C58-8FC6-821DB770549D}.Release|x64.Build.0 = Release|Any CPU
		{4329E22A-EEF7-4C58-8FC6-821DB770549D}.Release|x86.ActiveCfg = Release|Any CPU
		{4329E22A-EEF7-4C58-8FC6-821DB770549D}.Release|x86.Build.0 = Release|Any CPU
		{BE46A928-912A-4E92-ACD7-EBCA1B527A07}.Debug|Any CPU.ActiveCfg = Debug|Any CPU
		{BE46A928-912A-4E92-ACD7-EBCA1B527A07}.Debug|Any CPU.Build.0 = Debug|Any CPU
		{BE46A928-912A-4E92-ACD7-EBCA1B527A07}.Debug|ARM.ActiveCfg = Debug|Any CPU
		{BE46A928-912A-4E92-ACD7-EBCA1B527A07}.Debug|ARM.Build.0 = Debug|Any CPU
		{BE46A928-912A-4E92-ACD7-EBCA1B527A07}.Debug|ARM64.ActiveCfg = Debug|Any CPU
		{BE46A928-912A-4E92-ACD7-EBCA1B527A07}.Debug|ARM64.Build.0 = Debug|Any CPU
		{BE46A928-912A-4E92-ACD7-EBCA1B527A07}.Debug|x64.ActiveCfg = Debug|Any CPU
		{BE46A928-912A-4E92-ACD7-EBCA1B527A07}.Debug|x64.Build.0 = Debug|Any CPU
		{BE46A928-912A-4E92-ACD7-EBCA1B527A07}.Debug|x86.ActiveCfg = Debug|Any CPU
		{BE46A928-912A-4E92-ACD7-EBCA1B527A07}.Debug|x86.Build.0 = Debug|Any CPU
		{BE46A928-912A-4E92-ACD7-EBCA1B527A07}.Release|Any CPU.ActiveCfg = Release|Any CPU
		{BE46A928-912A-4E92-ACD7-EBCA1B527A07}.Release|Any CPU.Build.0 = Release|Any CPU
		{BE46A928-912A-4E92-ACD7-EBCA1B527A07}.Release|ARM.ActiveCfg = Release|Any CPU
		{BE46A928-912A-4E92-ACD7-EBCA1B527A07}.Release|ARM.Build.0 = Release|Any CPU
		{BE46A928-912A-4E92-ACD7-EBCA1B527A07}.Release|ARM64.ActiveCfg = Release|Any CPU
		{BE46A928-912A-4E92-ACD7-EBCA1B527A07}.Release|ARM64.Build.0 = Release|Any CPU
		{BE46A928-912A-4E92-ACD7-EBCA1B527A07}.Release|x64.ActiveCfg = Release|Any CPU
		{BE46A928-912A-4E92-ACD7-EBCA1B527A07}.Release|x64.Build.0 = Release|Any CPU
		{BE46A928-912A-4E92-ACD7-EBCA1B527A07}.Release|x86.ActiveCfg = Release|Any CPU
		{BE46A928-912A-4E92-ACD7-EBCA1B527A07}.Release|x86.Build.0 = Release|Any CPU
		{B3AD8F2B-65FF-44EA-AAC4-74B582BA55CC}.Debug|Any CPU.ActiveCfg = Debug|Any CPU
		{B3AD8F2B-65FF-44EA-AAC4-74B582BA55CC}.Debug|Any CPU.Build.0 = Debug|Any CPU
		{B3AD8F2B-65FF-44EA-AAC4-74B582BA55CC}.Debug|ARM.ActiveCfg = Debug|Any CPU
		{B3AD8F2B-65FF-44EA-AAC4-74B582BA55CC}.Debug|ARM.Build.0 = Debug|Any CPU
		{B3AD8F2B-65FF-44EA-AAC4-74B582BA55CC}.Debug|ARM64.ActiveCfg = Debug|Any CPU
		{B3AD8F2B-65FF-44EA-AAC4-74B582BA55CC}.Debug|ARM64.Build.0 = Debug|Any CPU
		{B3AD8F2B-65FF-44EA-AAC4-74B582BA55CC}.Debug|x64.ActiveCfg = Debug|Any CPU
		{B3AD8F2B-65FF-44EA-AAC4-74B582BA55CC}.Debug|x64.Build.0 = Debug|Any CPU
		{B3AD8F2B-65FF-44EA-AAC4-74B582BA55CC}.Debug|x86.ActiveCfg = Debug|Any CPU
		{B3AD8F2B-65FF-44EA-AAC4-74B582BA55CC}.Debug|x86.Build.0 = Debug|Any CPU
		{B3AD8F2B-65FF-44EA-AAC4-74B582BA55CC}.Release|Any CPU.ActiveCfg = Release|Any CPU
		{B3AD8F2B-65FF-44EA-AAC4-74B582BA55CC}.Release|Any CPU.Build.0 = Release|Any CPU
		{B3AD8F2B-65FF-44EA-AAC4-74B582BA55CC}.Release|ARM.ActiveCfg = Release|Any CPU
		{B3AD8F2B-65FF-44EA-AAC4-74B582BA55CC}.Release|ARM.Build.0 = Release|Any CPU
		{B3AD8F2B-65FF-44EA-AAC4-74B582BA55CC}.Release|ARM64.ActiveCfg = Release|Any CPU
		{B3AD8F2B-65FF-44EA-AAC4-74B582BA55CC}.Release|ARM64.Build.0 = Release|Any CPU
		{B3AD8F2B-65FF-44EA-AAC4-74B582BA55CC}.Release|x64.ActiveCfg = Release|Any CPU
		{B3AD8F2B-65FF-44EA-AAC4-74B582BA55CC}.Release|x64.Build.0 = Release|Any CPU
		{B3AD8F2B-65FF-44EA-AAC4-74B582BA55CC}.Release|x86.ActiveCfg = Release|Any CPU
		{B3AD8F2B-65FF-44EA-AAC4-74B582BA55CC}.Release|x86.Build.0 = Release|Any CPU
		{5E0C75A5-62A4-4980-AA3C-BB8943097781}.Debug|Any CPU.ActiveCfg = Debug|Any CPU
		{5E0C75A5-62A4-4980-AA3C-BB8943097781}.Debug|Any CPU.Build.0 = Debug|Any CPU
		{5E0C75A5-62A4-4980-AA3C-BB8943097781}.Debug|ARM.ActiveCfg = Debug|Any CPU
		{5E0C75A5-62A4-4980-AA3C-BB8943097781}.Debug|ARM.Build.0 = Debug|Any CPU
		{5E0C75A5-62A4-4980-AA3C-BB8943097781}.Debug|ARM64.ActiveCfg = Debug|Any CPU
		{5E0C75A5-62A4-4980-AA3C-BB8943097781}.Debug|ARM64.Build.0 = Debug|Any CPU
		{5E0C75A5-62A4-4980-AA3C-BB8943097781}.Debug|x64.ActiveCfg = Debug|Any CPU
		{5E0C75A5-62A4-4980-AA3C-BB8943097781}.Debug|x64.Build.0 = Debug|Any CPU
		{5E0C75A5-62A4-4980-AA3C-BB8943097781}.Debug|x86.ActiveCfg = Debug|Any CPU
		{5E0C75A5-62A4-4980-AA3C-BB8943097781}.Debug|x86.Build.0 = Debug|Any CPU
		{5E0C75A5-62A4-4980-AA3C-BB8943097781}.Release|Any CPU.ActiveCfg = Release|Any CPU
		{5E0C75A5-62A4-4980-AA3C-BB8943097781}.Release|Any CPU.Build.0 = Release|Any CPU
		{5E0C75A5-62A4-4980-AA3C-BB8943097781}.Release|ARM.ActiveCfg = Release|Any CPU
		{5E0C75A5-62A4-4980-AA3C-BB8943097781}.Release|ARM.Build.0 = Release|Any CPU
		{5E0C75A5-62A4-4980-AA3C-BB8943097781}.Release|ARM64.ActiveCfg = Release|Any CPU
		{5E0C75A5-62A4-4980-AA3C-BB8943097781}.Release|ARM64.Build.0 = Release|Any CPU
		{5E0C75A5-62A4-4980-AA3C-BB8943097781}.Release|x64.ActiveCfg = Release|Any CPU
		{5E0C75A5-62A4-4980-AA3C-BB8943097781}.Release|x64.Build.0 = Release|Any CPU
		{5E0C75A5-62A4-4980-AA3C-BB8943097781}.Release|x86.ActiveCfg = Release|Any CPU
		{5E0C75A5-62A4-4980-AA3C-BB8943097781}.Release|x86.Build.0 = Release|Any CPU
	EndGlobalSection
	GlobalSection(SolutionProperties) = preSolution
		HideSolutionNode = FALSE
	EndGlobalSection
	GlobalSection(ExtensibilityGlobals) = postSolution
		SolutionGuid = {4A00348E-39DE-4356-8BDC-AADEBA33A695}
	EndGlobalSection
EndGlobal
